
Microsoft Visual Studio Solution File, Format Version 10.00
# Visual Studio 2008
Project("{FAE04EC0-301F-11D3-BF4B-00C04F79EFBC}") = "TestVLC", "TestVLC\TestVLC.csproj", "{36744830-CD60-4689-96D6-D403901741C1}"
EndProject
Project("{FAE04EC0-301F-11D3-BF4B-00C04F79EFBC}") = "TestVLC.Web", "TestVLC.Web\TestVLC.Web.csproj", "{BE00928F-FCE4-4495-89AC-38DA3AA86D61}"
EndProject
Global
	GlobalSection(SolutionConfigurationPlatforms) = preSolution
		Debug|Any CPU = Debug|Any CPU
		Release|Any CPU = Release|Any CPU
	EndGlobalSection
	GlobalSection(ProjectConfigurationPlatforms) = postSolution
		{36744830-CD60-4689-96D6-D403901741C1}.Debug|Any CPU.ActiveCfg = Debug|Any CPU
		{36744830-CD60-4689-96D6-D403901741C1}.Debug|Any CPU.Build.0 = Debug|Any CPU
		{36744830-CD60-4689-96D6-D403901741C1}.Release|Any CPU.ActiveCfg = Release|Any CPU
		{36744830-CD60-4689-96D6-D403901741C1}.Release|Any CPU.Build.0 = Release|Any CPU
		{BE00928F-FCE4-4495-89AC-38DA3AA86D61}.Debug|Any CPU.ActiveCfg = Debug|Any CPU
		{BE00928F-FCE4-4495-89AC-38DA3AA86D61}.Debug|Any CPU.Build.0 = Debug|Any CPU
		{BE00928F-FCE4-4495-89AC-38DA3AA86D61}.Release|Any CPU.ActiveCfg = Release|Any CPU
		{BE00928F-FCE4-4495-89AC-38DA3AA86D61}.Release|Any CPU.Build.0 = Release|Any CPU
	EndGlobalSection
	GlobalSection(SolutionProperties) = preSolution
		HideSolutionNode = FALSE
	EndGlobalSection
EndGlobal
